// !$*UTF8*$!
{
	archiveVersion = 1;
	classes = {
	};
	objectVersion = 55;
	objects = {

/* Begin PBXBuildFile section */
		50C18D0627A1FFA000CA85C8 /* AppDelegate.swift in Sources */ = {isa = PBXBuildFile; fileRef = 50C18D0527A1FFA000CA85C8 /* AppDelegate.swift */; };
		50C18D0827A1FFA000CA85C8 /* SceneDelegate.swift in Sources */ = {isa = PBXBuildFile; fileRef = 50C18D0727A1FFA000CA85C8 /* SceneDelegate.swift */; };
		50C18D0A27A1FFA000CA85C8 /* ViewController.swift in Sources */ = {isa = PBXBuildFile; fileRef = 50C18D0927A1FFA000CA85C8 /* ViewController.swift */; };
		50C18D0D27A1FFA000CA85C8 /* Main.storyboard in Resources */ = {isa = PBXBuildFile; fileRef = 50C18D0B27A1FFA000CA85C8 /* Main.storyboard */; };
		50C18D0F27A1FFA100CA85C8 /* Assets.xcassets in Resources */ = {isa = PBXBuildFile; fileRef = 50C18D0E27A1FFA100CA85C8 /* Assets.xcassets */; };
		50C18D1227A1FFA100CA85C8 /* LaunchScreen.storyboard in Resources */ = {isa = PBXBuildFile; fileRef = 50C18D1027A1FFA100CA85C8 /* LaunchScreen.storyboard */; };
		50C18D1D27A1FFA100CA85C8 /* Two_Button_ChallangeTests.swift in Sources */ = {isa = PBXBuildFile; fileRef = 50C18D1C27A1FFA100CA85C8 /* Two_Button_ChallangeTests.swift */; };
		50C18D2727A1FFA100CA85C8 /* Two_Button_ChallangeUITests.swift in Sources */ = {isa = PBXBuildFile; fileRef = 50C18D2627A1FFA100CA85C8 /* Two_Button_ChallangeUITests.swift */; };
		50C18D2927A1FFA100CA85C8 /* Two_Button_ChallangeUITestsLaunchTests.swift in Sources */ = {isa = PBXBuildFile; fileRef = 50C18D2827A1FFA100CA85C8 /* Two_Button_ChallangeUITestsLaunchTests.swift */; };
/* End PBXBuildFile section */

/* Begin PBXContainerItemProxy section */
		50C18D1927A1FFA100CA85C8 /* PBXContainerItemProxy */ = {
			isa = PBXContainerItemProxy;
			containerPortal = 50C18CFA27A1FFA000CA85C8 /* Project object */;
			proxyType = 1;
			remoteGlobalIDString = 50C18D0127A1FFA000CA85C8;
			remoteInfo = "Two Button Challange";
		};
		50C18D2327A1FFA100CA85C8 /* PBXContainerItemProxy */ = {
			isa = PBXContainerItemProxy;
			containerPortal = 50C18CFA27A1FFA000CA85C8 /* Project object */;
			proxyType = 1;
			remoteGlobalIDString = 50C18D0127A1FFA000CA85C8;
			remoteInfo = "Two Button Challange";
		};
/* End PBXContainerItemProxy section */

/* Begin PBXFileReference section */
		50C18D0227A1FFA000CA85C8 /* Two Button Challange.app */ = {isa = PBXFileReference; explicitFileType = wrapper.application; includeInIndex = 0; path = "Two Button Challange.app"; sourceTree = BUILT_PRODUCTS_DIR; };
		50C18D0527A1FFA000CA85C8 /* AppDelegate.swift */ = {isa = PBXFileReference; lastKnownFileType = sourcecode.swift; path = AppDelegate.swift; sourceTree = "<group>"; };
		50C18D0727A1FFA000CA85C8 /* SceneDelegate.swift */ = {isa = PBXFileReference; lastKnownFileType = sourcecode.swift; path = SceneDelegate.swift; sourceTree = "<group>"; };
		50C18D0927A1FFA000CA85C8 /* ViewController.swift */ = {isa = PBXFileReference; lastKnownFileType = sourcecode.swift; path = ViewController.swift; sourceTree = "<group>"; };
		50C18D0C27A1FFA000CA85C8 /* Base */ = {isa = PBXFileReference; lastKnownFileType = file.storyboard; name = Base; path = Base.lproj/Main.storyboard; sourceTree = "<group>"; };
		50C18D0E27A1FFA100CA85C8 /* Assets.xcassets */ = {isa = PBXFileReference; lastKnownFileType = folder.assetcatalog; path = Assets.xcassets; sourceTree = "<group>"; };
		50C18D1127A1FFA100CA85C8 /* Base */ = {isa = PBXFileReference; lastKnownFileType = file.storyboard; name = Base; path = Base.lproj/LaunchScreen.storyboard; sourceTree = "<group>"; };
		50C18D1327A1FFA100CA85C8 /* Info.plist */ = {isa = PBXFileReference; lastKnownFileType = text.plist.xml; path = Info.plist; sourceTree = "<group>"; };
		50C18D1827A1FFA100CA85C8 /* Two Button ChallangeTests.xctest */ = {isa = PBXFileReference; explicitFileType = wrapper.cfbundle; includeInIndex = 0; path = "Two Button ChallangeTests.xctest"; sourceTree = BUILT_PRODUCTS_DIR; };
		50C18D1C27A1FFA100CA85C8 /* Two_Button_ChallangeTests.swift */ = {isa = PBXFileReference; lastKnownFileType = sourcecode.swift; path = Two_Button_ChallangeTests.swift; sourceTree = "<group>"; };
		50C18D2227A1FFA100CA85C8 /* Two Button ChallangeUITests.xctest */ = {isa = PBXFileReference; explicitFileType = wrapper.cfbundle; includeInIndex = 0; path = "Two Button ChallangeUITests.xctest"; sourceTree = BUILT_PRODUCTS_DIR; };
		50C18D2627A1FFA100CA85C8 /* Two_Button_ChallangeUITests.swift */ = {isa = PBXFileReference; lastKnownFileType = sourcecode.swift; path = Two_Button_ChallangeUITests.swift; sourceTree = "<group>"; };
		50C18D2827A1FFA100CA85C8 /* Two_Button_ChallangeUITestsLaunchTests.swift */ = {isa = PBXFileReference; lastKnownFileType = sourcecode.swift; path = Two_Button_ChallangeUITestsLaunchTests.swift; sourceTree = "<group>"; };
/* End PBXFileReference section */

/* Begin PBXFrameworksBuildPhase section */
		50C18CFF27A1FFA000CA85C8 /* Frameworks */ = {
			isa = PBXFrameworksBuildPhase;
			buildActionMask = 2147483647;
			files = (
			);
			runOnlyForDeploymentPostprocessing = 0;
		};
		50C18D1527A1FFA100CA85C8 /* Frameworks */ = {
			isa = PBXFrameworksBuildPhase;
			buildActionMask = 2147483647;
			files = (
			);
			runOnlyForDeploymentPostprocessing = 0;
		};
		50C18D1F27A1FFA100CA85C8 /* Frameworks */ = {
			isa = PBXFrameworksBuildPhase;
			buildActionMask = 2147483647;
			files = (
			);
			runOnlyForDeploymentPostprocessing = 0;
		};
/* End PBXFrameworksBuildPhase section */

/* Begin PBXGroup section */
		50C18CF927A1FFA000CA85C8 = {
			isa = PBXGroup;
			children = (
				50C18D0427A1FFA000CA85C8 /* Two Button Challange */,
				50C18D1B27A1FFA100CA85C8 /* Two Button ChallangeTests */,
				50C18D2527A1FFA100CA85C8 /* Two Button ChallangeUITests */,
				50C18D0327A1FFA000CA85C8 /* Products */,
			);
			sourceTree = "<group>";
		};
		50C18D0327A1FFA000CA85C8 /* Products */ = {
			isa = PBXGroup;
			children = (
				50C18D0227A1FFA000CA85C8 /* Two Button Challange.app */,
				50C18D1827A1FFA100CA85C8 /* Two Button ChallangeTests.xctest */,
				50C18D2227A1FFA100CA85C8 /* Two Button ChallangeUITests.xctest */,
			);
			name = Products;
			sourceTree = "<group>";
		};
		50C18D0427A1FFA000CA85C8 /* Two Button Challange */ = {
			isa = PBXGroup;
			children = (
				50C18D0527A1FFA000CA85C8 /* AppDelegate.swift */,
				50C18D0727A1FFA000CA85C8 /* SceneDelegate.swift */,
				50C18D0927A1FFA000CA85C8 /* ViewController.swift */,
				50C18D0B27A1FFA000CA85C8 /* Main.storyboard */,
				50C18D0E27A1FFA100CA85C8 /* Assets.xcassets */,
				50C18D1027A1FFA100CA85C8 /* LaunchScreen.storyboard */,
				50C18D1327A1FFA100CA85C8 /* Info.plist */,
			);
			path = "Two Button Challange";
			sourceTree = "<group>";
		};
		50C18D1B27A1FFA100CA85C8 /* Two Button ChallangeTests */ = {
			isa = PBXGroup;
			children = (
				50C18D1C27A1FFA100CA85C8 /* Two_Button_ChallangeTests.swift */,
			);
			path = "Two Button ChallangeTests";
			sourceTree = "<group>";
		};
		50C18D2527A1FFA100CA85C8 /* Two Button ChallangeUITests */ = {
			isa = PBXGroup;
			children = (
				50C18D2627A1FFA100CA85C8 /* Two_Button_ChallangeUITests.swift */,
				50C18D2827A1FFA100CA85C8 /* Two_Button_ChallangeUITestsLaunchTests.swift */,
			);
			path = "Two Button ChallangeUITests";
			sourceTree = "<group>";
		};
/* End PBXGroup section */

/* Begin PBXNativeTarget section */
		50C18D0127A1FFA000CA85C8 /* Two Button Challange */ = {
			isa = PBXNativeTarget;
			buildConfigurationList = 50C18D2C27A1FFA100CA85C8 /* Build configuration list for PBXNativeTarget "Two Button Challange" */;
			buildPhases = (
				50C18CFE27A1FFA000CA85C8 /* Sources */,
				50C18CFF27A1FFA000CA85C8 /* Frameworks */,
				50C18D0027A1FFA000CA85C8 /* Resources */,
			);
			buildRules = (
			);
			dependencies = (
			);
			name = "Two Button Challange";
			productName = "Two Button Challange";
			productReference = 50C18D0227A1FFA000CA85C8 /* Two Button Challange.app */;
			productType = "com.apple.product-type.application";
		};
		50C18D1727A1FFA100CA85C8 /* Two Button ChallangeTests */ = {
			isa = PBXNativeTarget;
			buildConfigurationList = 50C18D2F27A1FFA100CA85C8 /* Build configuration list for PBXNativeTarget "Two Button ChallangeTests" */;
			buildPhases = (
				50C18D1427A1FFA100CA85C8 /* Sources */,
				50C18D1527A1FFA100CA85C8 /* Frameworks */,
				50C18D1627A1FFA100CA85C8 /* Resources */,
			);
			buildRules = (
			);
			dependencies = (
				50C18D1A27A1FFA100CA85C8 /* PBXTargetDependency */,
			);
			name = "Two Button ChallangeTests";
			productName = "Two Button ChallangeTests";
			productReference = 50C18D1827A1FFA100CA85C8 /* Two Button ChallangeTests.xctest */;
			productType = "com.apple.product-type.bundle.unit-test";
		};
		50C18D2127A1FFA100CA85C8 /* Two Button ChallangeUITests */ = {
			isa = PBXNativeTarget;
			buildConfigurationList = 50C18D3227A1FFA100CA85C8 /* Build configuration list for PBXNativeTarget "Two Button ChallangeUITests" */;
			buildPhases = (
				50C18D1E27A1FFA100CA85C8 /* Sources */,
				50C18D1F27A1FFA100CA85C8 /* Frameworks */,
				50C18D2027A1FFA100CA85C8 /* Resources */,
			);
			buildRules = (
			);
			dependencies = (
				50C18D2427A1FFA100CA85C8 /* PBXTargetDependency */,
			);
			name = "Two Button ChallangeUITests";
			productName = "Two Button ChallangeUITests";
			productReference = 50C18D2227A1FFA100CA85C8 /* Two Button ChallangeUITests.xctest */;
			productType = "com.apple.product-type.bundle.ui-testing";
		};
/* End PBXNativeTarget section */

/* Begin PBXProject section */
		50C18CFA27A1FFA000CA85C8 /* Project object */ = {
			isa = PBXProject;
			attributes = {
				BuildIndependentTargetsInParallel = 1;
				LastSwiftUpdateCheck = 1320;
				LastUpgradeCheck = 1320;
				TargetAttributes = {
					50C18D0127A1FFA000CA85C8 = {
						CreatedOnToolsVersion = 13.2.1;
					};
					50C18D1727A1FFA100CA85C8 = {
						CreatedOnToolsVersion = 13.2.1;
						TestTargetID = 50C18D0127A1FFA000CA85C8;
					};
					50C18D2127A1FFA100CA85C8 = {
						CreatedOnToolsVersion = 13.2.1;
						TestTargetID = 50C18D0127A1FFA000CA85C8;
					};
				};
			};
			buildConfigurationList = 50C18CFD27A1FFA000CA85C8 /* Build configuration list for PBXProject "Two Button Challange" */;
			compatibilityVersion = "Xcode 13.0";
			developmentRegion = en;
			hasScannedForEncodings = 0;
			knownRegions = (
				en,
				Base,
			);
			mainGroup = 50C18CF927A1FFA000CA85C8;
			productRefGroup = 50C18D0327A1FFA000CA85C8 /* Products */;
			projectDirPath = "";
			projectRoot = "";
			targets = (
				50C18D0127A1FFA000CA85C8 /* Two Button Challange */,
				50C18D1727A1FFA100CA85C8 /* Two Button ChallangeTests */,
				50C18D2127A1FFA100CA85C8 /* Two Button ChallangeUITests */,
			);
		};
/* End PBXProject section */

/* Begin PBXResourcesBuildPhase section */
		50C18D0027A1FFA000CA85C8 /* Resources */ = {
			isa = PBXResourcesBuildPhase;
			buildActionMask = 2147483647;
			files = (
				50C18D1227A1FFA100CA85C8 /* LaunchScreen.storyboard in Resources */,
				50C18D0F27A1FFA100CA85C8 /* Assets.xcassets in Resources */,
				50C18D0D27A1FFA000CA85C8 /* Main.storyboard in Resources */,
			);
			runOnlyForDeploymentPostprocessing = 0;
		};
		50C18D1627A1FFA100CA85C8 /* Resources */ = {
			isa = PBXResourcesBuildPhase;
			buildActionMask = 2147483647;
			files = (
			);
			runOnlyForDeploymentPostprocessing = 0;
		};
		50C18D2027A1FFA100CA85C8 /* Resources */ = {
			isa = PBXResourcesBuildPhase;
			buildActionMask = 2147483647;
			files = (
			);
			runOnlyForDeploymentPostprocessing = 0;
		};
/* End PBXResourcesBuildPhase section */

/* Begin PBXSourcesBuildPhase section */
		50C18CFE27A1FFA000CA85C8 /* Sources */ = {
			isa = PBXSourcesBuildPhase;
			buildActionMask = 2147483647;
			files = (
				50C18D0A27A1FFA000CA85C8 /* ViewController.swift in Sources */,
				50C18D0627A1FFA000CA85C8 /* AppDelegate.swift in Sources */,
				50C18D0827A1FFA000CA85C8 /* SceneDelegate.swift in Sources */,
			);
			runOnlyForDeploymentPostprocessing = 0;
		};
		50C18D1427A1FFA100CA85C8 /* Sources */ = {
			isa = PBXSourcesBuildPhase;
			buildActionMask = 2147483647;
			files = (
				50C18D1D27A1FFA100CA85C8 /* Two_Button_ChallangeTests.swift in Sources */,
			);
			runOnlyForDeploymentPostprocessing = 0;
		};
		50C18D1E27A1FFA100CA85C8 /* Sources */ = {
			isa = PBXSourcesBuildPhase;
			buildActionMask = 2147483647;
			files = (
				50C18D2727A1FFA100CA85C8 /* Two_Button_ChallangeUITests.swift in Sources */,
				50C18D2927A1FFA100CA85C8 /* Two_Button_ChallangeUITestsLaunchTests.swift in Sources */,
			);
			runOnlyForDeploymentPostprocessing = 0;
		};
/* End PBXSourcesBuildPhase section */

/* Begin PBXTargetDependency section */
		50C18D1A27A1FFA100CA85C8 /* PBXTargetDependency */ = {
			isa = PBXTargetDependency;
			target = 50C18D0127A1FFA000CA85C8 /* Two Button Challange */;
			targetProxy = 50C18D1927A1FFA100CA85C8 /* PBXContainerItemProxy */;
		};
		50C18D2427A1FFA100CA85C8 /* PBXTargetDependency */ = {
			isa = PBXTargetDependency;
			target = 50C18D0127A1FFA000CA85C8 /* Two Button Challange */;
			targetProxy = 50C18D2327A1FFA100CA85C8 /* PBXContainerItemProxy */;
		};
/* End PBXTargetDependency section */

/* Begin PBXVariantGroup section */
		50C18D0B27A1FFA000CA85C8 /* Main.storyboard */ = {
			isa = PBXVariantGroup;
			children = (
				50C18D0C27A1FFA000CA85C8 /* Base */,
			);
			name = Main.storyboard;
			sourceTree = "<group>";
		};
		50C18D1027A1FFA100CA85C8 /* LaunchScreen.storyboard */ = {
			isa = PBXVariantGroup;
			children = (
				50C18D1127A1FFA100CA85C8 /* Base */,
			);
			name = LaunchScreen.storyboard;
			sourceTree = "<group>";
		};
/* End PBXVariantGroup section */

/* Begin XCBuildConfiguration section */
		50C18D2A27A1FFA100CA85C8 /* Debug */ = {
			isa = XCBuildConfiguration;
			buildSettings = {
				ALWAYS_SEARCH_USER_PATHS = NO;
				CLANG_ANALYZER_NONNULL = YES;
				CLANG_ANALYZER_NUMBER_OBJECT_CONVERSION = YES_AGGRESSIVE;
				CLANG_CXX_LANGUAGE_STANDARD = "gnu++17";
				CLANG_CXX_LIBRARY = "libc++";
				CLANG_ENABLE_MODULES = YES;
				CLANG_ENABLE_OBJC_ARC = YES;
				CLANG_ENABLE_OBJC_WEAK = YES;
				CLANG_WARN_BLOCK_CAPTURE_AUTORELEASING = YES;
				CLANG_WARN_BOOL_CONVERSION = YES;
				CLANG_WARN_COMMA = YES;
				CLANG_WARN_CONSTANT_CONVERSION = YES;
				CLANG_WARN_DEPRECATED_OBJC_IMPLEMENTATIONS = YES;
				CLANG_WARN_DIRECT_OBJC_ISA_USAGE = YES_ERROR;
				CLANG_WARN_DOCUMENTATION_COMMENTS = YES;
				CLANG_WARN_EMPTY_BODY = YES;
				CLANG_WARN_ENUM_CONVERSION = YES;
				CLANG_WARN_INFINITE_RECURSION = YES;
				CLANG_WARN_INT_CONVERSION = YES;
				CLANG_WARN_NON_LITERAL_NULL_CONVERSION = YES;
				CLANG_WARN_OBJC_IMPLICIT_RETAIN_SELF = YES;
				CLANG_WARN_OBJC_LITERAL_CONVERSION = YES;
				CLANG_WARN_OBJC_ROOT_CLASS = YES_ERROR;
				CLANG_WARN_QUOTED_INCLUDE_IN_FRAMEWORK_HEADER = YES;
				CLANG_WARN_RANGE_LOOP_ANALYSIS = YES;
				CLANG_WARN_STRICT_PROTOTYPES = YES;
				CLANG_WARN_SUSPICIOUS_MOVE = YES;
				CLANG_WARN_UNGUARDED_AVAILABILITY = YES_AGGRESSIVE;
				CLANG_WARN_UNREACHABLE_CODE = YES;
				CLANG_WARN__DUPLICATE_METHOD_MATCH = YES;
				COPY_PHASE_STRIP = NO;
				DEBUG_INFORMATION_FORMAT = dwarf;
				ENABLE_STRICT_OBJC_MSGSEND = YES;
				ENABLE_TESTABILITY = YES;
				GCC_C_LANGUAGE_STANDARD = gnu11;
				GCC_DYNAMIC_NO_PIC = NO;
				GCC_NO_COMMON_BLOCKS = YES;
				GCC_OPTIMIZATION_LEVEL = 0;
				GCC_PREPROCESSOR_DEFINITIONS = (
					"DEBUG=1",
					"$(inherited)",
				);
				GCC_WARN_64_TO_32_BIT_CONVERSION = YES;
				GCC_WARN_ABOUT_RETURN_TYPE = YES_ERROR;
				GCC_WARN_UNDECLARED_SELECTOR = YES;
				GCC_WARN_UNINITIALIZED_AUTOS = YES_AGGRESSIVE;
				GCC_WARN_UNUSED_FUNCTION = YES;
				GCC_WARN_UNUSED_VARIABLE = YES;
				IPHONEOS_DEPLOYMENT_TARGET = 15.2;
				MTL_ENABLE_DEBUG_INFO = INCLUDE_SOURCE;
				MTL_FAST_MATH = YES;
				ONLY_ACTIVE_ARCH = YES;
				SDKROOT = iphoneos;
				SWIFT_ACTIVE_COMPILATION_CONDITIONS = DEBUG;
				SWIFT_OPTIMIZATION_LEVEL = "-Onone";
			};
			name = Debug;
		};
		50C18D2B27A1FFA100CA85C8 /* Release */ = {
			isa = XCBuildConfiguration;
			buildSettings = {
				ALWAYS_SEARCH_USER_PATHS = NO;
				CLANG_ANALYZER_NONNULL = YES;
				CLANG_ANALYZER_NUMBER_OBJECT_CONVERSION = YES_AGGRESSIVE;
				CLANG_CXX_LANGUAGE_STANDARD = "gnu++17";
				CLANG_CXX_LIBRARY = "libc++";
				CLANG_ENABLE_MODULES = YES;
				CLANG_ENABLE_OBJC_ARC = YES;
				CLANG_ENABLE_OBJC_WEAK = YES;
				CLANG_WARN_BLOCK_CAPTURE_AUTORELEASING = YES;
				CLANG_WARN_BOOL_CONVERSION = YES;
				CLANG_WARN_COMMA = YES;
				CLANG_WARN_CONSTANT_CONVERSION = YES;
				CLANG_WARN_DEPRECATED_OBJC_IMPLEMENTATIONS = YES;
				CLANG_WARN_DIRECT_OBJC_ISA_USAGE = YES_ERROR;
				CLANG_WARN_DOCUMENTATION_COMMENTS = YES;
				CLANG_WARN_EMPTY_BODY = YES;
				CLANG_WARN_ENUM_CONVERSION = YES;
				CLANG_WARN_INFINITE_RECURSION = YES;
				CLANG_WARN_INT_CONVERSION = YES;
				CLANG_WARN_NON_LITERAL_NULL_CONVERSION = YES;
				CLANG_WARN_OBJC_IMPLICIT_RETAIN_SELF = YES;
				CLANG_WARN_OBJC_LITERAL_CONVERSION = YES;
				CLANG_WARN_OBJC_ROOT_CLASS = YES_ERROR;
				CLANG_WARN_QUOTED_INCLUDE_IN_FRAMEWORK_HEADER = YES;
				CLANG_WARN_RANGE_LOOP_ANALYSIS = YES;
				CLANG_WARN_STRICT_PROTOTYPES = YES;
				CLANG_WARN_SUSPICIOUS_MOVE = YES;
				CLANG_WARN_UNGUARDED_AVAILABILITY = YES_AGGRESSIVE;
				CLANG_WARN_UNREACHABLE_CODE = YES;
				CLANG_WARN__DUPLICATE_METHOD_MATCH = YES;
				COPY_PHASE_STRIP = NO;
				DEBUG_INFORMATION_FORMAT = "dwarf-with-dsym";
				ENABLE_NS_ASSERTIONS = NO;
				ENABLE_STRICT_OBJC_MSGSEND = YES;
				GCC_C_LANGUAGE_STANDARD = gnu11;
				GCC_NO_COMMON_BLOCKS = YES;
				GCC_WARN_64_TO_32_BIT_CONVERSION = YES;
				GCC_WARN_ABOUT_RETURN_TYPE = YES_ERROR;
				GCC_WARN_UNDECLARED_SELECTOR = YES;
				GCC_WARN_UNINITIALIZED_AUTOS = YES_AGGRESSIVE;
				GCC_WARN_UNUSED_FUNCTION = YES;
				GCC_WARN_UNUSED_VARIABLE = YES;
				IPHONEOS_DEPLOYMENT_TARGET = 15.2;
				MTL_ENABLE_DEBUG_INFO = NO;
				MTL_FAST_MATH = YES;
				SDKROOT = iphoneos;
				SWIFT_COMPILATION_MODE = wholemodule;
				SWIFT_OPTIMIZATION_LEVEL = "-O";
				VALIDATE_PRODUCT = YES;
			};
			name = Release;
		};
		50C18D2D27A1FFA100CA85C8 /* Debug */ = {
			isa = XCBuildConfiguration;
			buildSettings = {
				ASSETCATALOG_COMPILER_APPICON_NAME = AppIcon;
				ASSETCATALOG_COMPILER_GLOBAL_ACCENT_COLOR_NAME = AccentColor;
				CODE_SIGN_STYLE = Automatic;
				CURRENT_PROJECT_VERSION = 1;
				DEVELOPMENT_TEAM = UH5J96A27A;
				GENERATE_INFOPLIST_FILE = YES;
				INFOPLIST_FILE = "Two Button Challange/Info.plist";
				INFOPLIST_KEY_UIApplicationSupportsIndirectInputEvents = YES;
				INFOPLIST_KEY_UILaunchStoryboardName = LaunchScreen;
				INFOPLIST_KEY_UIMainStoryboardFile = Main;
				INFOPLIST_KEY_UISupportedInterfaceOrientations_iPad = "UIInterfaceOrientationPortrait UIInterfaceOrientationPortraitUpsideDown UIInterfaceOrientationLandscapeLeft UIInterfaceOrientationLandscapeRight";
				INFOPLIST_KEY_UISupportedInterfaceOrientations_iPhone = "UIInterfaceOrientationPortrait UIInterfaceOrientationLandscapeLeft UIInterfaceOrientationLandscapeRight";
				LD_RUNPATH_SEARCH_PATHS = (
					"$(inherited)",
					"@executable_path/Frameworks",
				);
				MARKETING_VERSION = 1.0;
				PRODUCT_BUNDLE_IDENTIFIER = "Luke-Kennedy.Two-Button-Challange";
				PRODUCT_NAME = "$(TARGET_NAME)";
				SWIFT_EMIT_LOC_STRINGS = YES;
				SWIFT_VERSION = 5.0;
				TARGETED_DEVICE_FAMILY = "1,2";
			};
			name = Debug;
		};
		50C18D2E27A1FFA100CA85C8 /* Release */ = {
			isa = XCBuildConfiguration;
			buildSettings = {
				ASSETCATALOG_COMPILER_APPICON_NAME = AppIcon;
				ASSETCATALOG_COMPILER_GLOBAL_ACCENT_COLOR_NAME = AccentColor;
				CODE_SIGN_STYLE = Automatic;
				CURRENT_PROJECT_VERSION = 1;
				DEVELOPMENT_TEAM = UH5J96A27A;
				GENERATE_INFOPLIST_FILE = YES;
				INFOPLIST_FILE = "Two Button Challange/Info.plist";
				INFOPLIST_KEY_UIApplicationSupportsIndirectInputEvents = YES;
				INFOPLIST_KEY_UILaunchStoryboardName = LaunchScreen;
				INFOPLIST_KEY_UIMainStoryboardFile = Main;
				INFOPLIST_KEY_UISupportedInterfaceOrientations_iPad = "UIInterfaceOrientationPortrait UIInterfaceOrientationPortraitUpsideDown UIInterfaceOrientationLandscapeLeft UIInterfaceOrientationLandscapeRight";
				INFOPLIST_KEY_UISupportedInterfaceOrientations_iPhone = "UIInterfaceOrientationPortrait UIInterfaceOrientationLandscapeLeft UIInterfaceOrientationLandscapeRight";
				LD_RUNPATH_SEARCH_PATHS = (
					"$(inherited)",
					"@executable_path/Frameworks",
				);
				MARKETING_VERSION = 1.0;
				PRODUCT_BUNDLE_IDENTIFIER = "Luke-Kennedy.Two-Button-Challange";
				PRODUCT_NAME = "$(TARGET_NAME)";
				SWIFT_EMIT_LOC_STRINGS = YES;
				SWIFT_VERSION = 5.0;
				TARGETED_DEVICE_FAMILY = "1,2";
			};
			name = Release;
		};
		50C18D3027A1FFA100CA85C8 /* Debug */ = {
			isa = XCBuildConfiguration;
			buildSettings = {
				ALWAYS_EMBED_SWIFT_STANDARD_LIBRARIES = YES;
				BUNDLE_LOADER = "$(TEST_HOST)";
				CODE_SIGN_STYLE = Automatic;
				CURRENT_PROJECT_VERSION = 1;
				DEVELOPMENT_TEAM = UH5J96A27A;
				GENERATE_INFOPLIST_FILE = YES;
				IPHONEOS_DEPLOYMENT_TARGET = 15.2;
				MARKETING_VERSION = 1.0;
				PRODUCT_BUNDLE_IDENTIFIER = "Luke-Kennedy.Two-Button-ChallangeTests";
				PRODUCT_NAME = "$(TARGET_NAME)";
				SWIFT_EMIT_LOC_STRINGS = NO;
				SWIFT_VERSION = 5.0;
				TARGETED_DEVICE_FAMILY = "1,2";
				TEST_HOST = "$(BUILT_PRODUCTS_DIR)/Two Button Challange.app/Two Button Challange";
			};
			name = Debug;
		};
		50C18D3127A1FFA100CA85C8 /* Release */ = {
			isa = XCBuildConfiguration;
			buildSettings = {
				ALWAYS_EMBED_SWIFT_STANDARD_LIBRARIES = YES;
				BUNDLE_LOADER = "$(TEST_HOST)";
				CODE_SIGN_STYLE = Automatic;
				CURRENT_PROJECT_VERSION = 1;
				DEVELOPMENT_TEAM = UH5J96A27A;
				GENERATE_INFOPLIST_FILE = YES;
				IPHONEOS_DEPLOYMENT_TARGET = 15.2;
				MARKETING_VERSION = 1.0;
				PRODUCT_BUNDLE_IDENTIFIER = "Luke-Kennedy.Two-Button-ChallangeTests";
				PRODUCT_NAME = "$(TARGET_NAME)";
				SWIFT_EMIT_LOC_STRINGS = NO;
				SWIFT_VERSION = 5.0;
				TARGETED_DEVICE_FAMILY = "1,2";
				TEST_HOST = "$(BUILT_PRODUCTS_DIR)/Two Button Challange.app/Two Button Challange";
			};
			name = Release;
		};
		50C18D3327A1FFA100CA85C8 /* Debug */ = {
			isa = XCBuildConfiguration;
			buildSettings = {
				ALWAYS_EMBED_SWIFT_STANDARD_LIBRARIES = YES;
				CODE_SIGN_STYLE = Automatic;
				CURRENT_PROJECT_VERSION = 1;
				DEVELOPMENT_TEAM = UH5J96A27A;
				GENERATE_INFOPLIST_FILE = YES;
				MARKETING_VERSION = 1.0;
				PRODUCT_BUNDLE_IDENTIFIER = "Luke-Kennedy.Two-Button-ChallangeUITests";
				PRODUCT_NAME = "$(TARGET_NAME)";
				SWIFT_EMIT_LOC_STRINGS = NO;
				SWIFT_VERSION = 5.0;
				TARGETED_DEVICE_FAMILY = "1,2";
				TEST_TARGET_NAME = "Two Button Challange";
			};
			name = Debug;
		};
		50C18D3427A1FFA100CA85C8 /* Release */ = {
			isa = XCBuildConfiguration;
			buildSettings = {
				ALWAYS_EMBED_SWIFT_STANDARD_LIBRARIES = YES;
				CODE_SIGN_STYLE = Automatic;
				CURRENT_PROJECT_VERSION = 1;
				DEVELOPMENT_TEAM = UH5J96A27A;
				GENERATE_INFOPLIST_FILE = YES;
				MARKETING_VERSION = 1.0;
				PRODUCT_BUNDLE_IDENTIFIER = "Luke-Kennedy.Two-Button-ChallangeUITests";
				PRODUCT_NAME = "$(TARGET_NAME)";
				SWIFT_EMIT_LOC_STRINGS = NO;
				SWIFT_VERSION = 5.0;
				TARGETED_DEVICE_FAMILY = "1,2";
				TEST_TARGET_NAME = "Two Button Challange";
			};
			name = Release;
		};
/* End XCBuildConfiguration section */

/* Begin XCConfigurationList section */
		50C18CFD27A1FFA000CA85C8 /* Build configuration list for PBXProject "Two Button Challange" */ = {
			isa = XCConfigurationList;
			buildConfigurations = (
				50C18D2A27A1FFA100CA85C8 /* Debug */,
				50C18D2B27A1FFA100CA85C8 /* Release */,
			);
			defaultConfigurationIsVisible = 0;
			defaultConfigurationName = Release;
		};
		50C18D2C27A1FFA100CA85C8 /* Build configuration list for PBXNativeTarget "Two Button Challange" */ = {
			isa = XCConfigurationList;
			buildConfigurations = (
				50C18D2D27A1FFA100CA85C8 /* Debug */,
				50C18D2E27A1FFA100CA85C8 /* Release */,
			);
			defaultConfigurationIsVisible = 0;
			defaultConfigurationName = Release;
		};
		50C18D2F27A1FFA100CA85C8 /* Build configuration list for PBXNativeTarget "Two Button ChallangeTests" */ = {
			isa = XCConfigurationList;
			buildConfigurations = (
				50C18D3027A1FFA100CA85C8 /* Debug */,
				50C18D3127A1FFA100CA85C8 /* Release */,
			);
			defaultConfigurationIsVisible = 0;
			defaultConfigurationName = Release;
		};
		50C18D3227A1FFA100CA85C8 /* Build configuration list for PBXNativeTarget "Two Button ChallangeUITests" */ = {
			isa = XCConfigurationList;
			buildConfigurations = (
				50C18D3327A1FFA100CA85C8 /* Debug */,
				50C18D3427A1FFA100CA85C8 /* Release */,
			);
			defaultConfigurationIsVisible = 0;
			defaultConfigurationName = Release;
		};
/* End XCConfigurationList section */
	};
	rootObject = 50C18CFA27A1FFA000CA85C8 /* Project object */;
}
